
Microsoft Visual Studio Solution File, Format Version 12.00
# Visual Studio Version 17
VisualStudioVersion = 17.5.33424.131
MinimumVisualStudioVersion = 10.0.40219.1
Project("{FAE04EC0-301F-11D3-BF4B-00C04F79EFBC}") = "SnakeC#", "SnakeC#.csproj", "{6C479591-111B-456F-B187-5C8D35614B4E}"
EndProject
Global
	GlobalSection(SolutionConfigurationPlatforms) = preSolution
		Debug|Any CPU = Debug|Any CPU
		Release|Any CPU = Release|Any CPU
	EndGlobalSection
	GlobalSection(ProjectConfigurationPlatforms) = postSolution
		{6C479591-111B-456F-B187-5C8D35614B4E}.Debug|Any CPU.ActiveCfg = Debug|Any CPU
		{6C479591-111B-456F-B187-5C8D35614B4E}.Debug|Any CPU.Build.0 = Debug|Any CPU
		{6C479591-111B-456F-B187-5C8D35614B4E}.Release|Any CPU.ActiveCfg = Release|Any CPU
		{6C479591-111B-456F-B187-5C8D35614B4E}.Release|Any CPU.Build.0 = Release|Any CPU
	EndGlobalSection
	GlobalSection(SolutionProperties) = preSolution
		HideSolutionNode = FALSE
	EndGlobalSection
	GlobalSection(ExtensibilityGlobals) = postSolution
		SolutionGuid = {FB41CA4C-3428-499A-9A11-D446BF68E090}
	EndGlobalSection
EndGlobal
